// !$*UTF8*$!
{
	archiveVersion = 1;
	classes = {
	};
	objectVersion = 56;
	objects = {

/* Begin PBXBuildFile section */
		C83329622A9F5ADA00F2BB15 /* ImageLoader.swift in Sources */ = {isa = PBXBuildFile; fileRef = C83329612A9F5ADA00F2BB15 /* ImageLoader.swift */; };
		C83329642AA4C5EE00F2BB15 /* RssFeed.swift in Sources */ = {isa = PBXBuildFile; fileRef = C83329632AA4C5EE00F2BB15 /* RssFeed.swift */; };
		C83329672AA4CAF000F2BB15 /* FeedKit in Frameworks */ = {isa = PBXBuildFile; productRef = C83329662AA4CAF000F2BB15 /* FeedKit */; };
		C83329692AA5045600F2BB15 /* RssFeedItem.swift in Sources */ = {isa = PBXBuildFile; fileRef = C83329682AA5045600F2BB15 /* RssFeedItem.swift */; };
		C833296B2AA508C400F2BB15 /* Date.swift in Sources */ = {isa = PBXBuildFile; fileRef = C833296A2AA508C400F2BB15 /* Date.swift */; };
		C8D94B202A9DE15500D10F42 /* pethealthApp.swift in Sources */ = {isa = PBXBuildFile; fileRef = C8D94B1F2A9DE15500D10F42 /* pethealthApp.swift */; };
		C8D94B222A9DE15500D10F42 /* ContentView.swift in Sources */ = {isa = PBXBuildFile; fileRef = C8D94B212A9DE15500D10F42 /* ContentView.swift */; };
		C8D94B242A9DE15A00D10F42 /* Assets.xcassets in Resources */ = {isa = PBXBuildFile; fileRef = C8D94B232A9DE15A00D10F42 /* Assets.xcassets */; };
		C8D94B272A9DE15A00D10F42 /* Preview Assets.xcassets in Resources */ = {isa = PBXBuildFile; fileRef = C8D94B262A9DE15A00D10F42 /* Preview Assets.xcassets */; };
		C8D94B312A9DE15A00D10F42 /* pethealthTests.swift in Sources */ = {isa = PBXBuildFile; fileRef = C8D94B302A9DE15A00D10F42 /* pethealthTests.swift */; };
		C8D94B3B2A9DE15A00D10F42 /* pethealthUITests.swift in Sources */ = {isa = PBXBuildFile; fileRef = C8D94B3A2A9DE15A00D10F42 /* pethealthUITests.swift */; };
		C8D94B3D2A9DE15A00D10F42 /* pethealthUITestsLaunchTests.swift in Sources */ = {isa = PBXBuildFile; fileRef = C8D94B3C2A9DE15A00D10F42 /* pethealthUITestsLaunchTests.swift */; };
		C8D94B4A2A9DE6BE00D10F42 /* GoogleService-Info.plist in Resources */ = {isa = PBXBuildFile; fileRef = C8D94B492A9DE6BE00D10F42 /* GoogleService-Info.plist */; };
		C8D94B4D2A9DE70F00D10F42 /* FirebaseAuth in Frameworks */ = {isa = PBXBuildFile; productRef = C8D94B4C2A9DE70F00D10F42 /* FirebaseAuth */; };
		C8D94B4F2A9DE70F00D10F42 /* FirebaseDatabase in Frameworks */ = {isa = PBXBuildFile; productRef = C8D94B4E2A9DE70F00D10F42 /* FirebaseDatabase */; };
		C8D94B512A9DE70F00D10F42 /* FirebaseDatabaseSwift in Frameworks */ = {isa = PBXBuildFile; productRef = C8D94B502A9DE70F00D10F42 /* FirebaseDatabaseSwift */; };
		C8D94B532A9DE70F00D10F42 /* FirebaseDynamicLinks in Frameworks */ = {isa = PBXBuildFile; productRef = C8D94B522A9DE70F00D10F42 /* FirebaseDynamicLinks */; };
		C8D94B552A9DE70F00D10F42 /* FirebaseFirestore in Frameworks */ = {isa = PBXBuildFile; productRef = C8D94B542A9DE70F00D10F42 /* FirebaseFirestore */; };
		C8D94B572A9DE70F00D10F42 /* FirebaseFirestoreSwift in Frameworks */ = {isa = PBXBuildFile; productRef = C8D94B562A9DE70F00D10F42 /* FirebaseFirestoreSwift */; };
		C8D94B592A9DE70F00D10F42 /* FirebaseRemoteConfig in Frameworks */ = {isa = PBXBuildFile; productRef = C8D94B582A9DE70F00D10F42 /* FirebaseRemoteConfig */; };
		C8D94B5B2A9DE70F00D10F42 /* FirebaseRemoteConfigSwift in Frameworks */ = {isa = PBXBuildFile; productRef = C8D94B5A2A9DE70F00D10F42 /* FirebaseRemoteConfigSwift */; };
		C8D94B5D2A9DE70F00D10F42 /* FirebaseStorage in Frameworks */ = {isa = PBXBuildFile; productRef = C8D94B5C2A9DE70F00D10F42 /* FirebaseStorage */; };
		C8D94B612A9DE8A400D10F42 /* LoginView.swift in Sources */ = {isa = PBXBuildFile; fileRef = C8D94B602A9DE8A400D10F42 /* LoginView.swift */; };
		C8D94B632A9DE8AD00D10F42 /* RegisterView.swift in Sources */ = {isa = PBXBuildFile; fileRef = C8D94B622A9DE8AD00D10F42 /* RegisterView.swift */; };
		C8D94B652A9DE8C500D10F42 /* HomeView.swift in Sources */ = {isa = PBXBuildFile; fileRef = C8D94B642A9DE8C500D10F42 /* HomeView.swift */; };
		C8D94B682A9DE8ED00D10F42 /* User.swift in Sources */ = {isa = PBXBuildFile; fileRef = C8D94B672A9DE8ED00D10F42 /* User.swift */; };
		C8D94B6B2A9DE91F00D10F42 /* UserModel.swift in Sources */ = {isa = PBXBuildFile; fileRef = C8D94B6A2A9DE91F00D10F42 /* UserModel.swift */; };
		C8D94B702A9DF09E00D10F42 /* PetCategoryView.swift in Sources */ = {isa = PBXBuildFile; fileRef = C8D94B6F2A9DF09E00D10F42 /* PetCategoryView.swift */; };
		C8D94B722A9DF73100D10F42 /* FillPetInfo.swift in Sources */ = {isa = PBXBuildFile; fileRef = C8D94B712A9DF73100D10F42 /* FillPetInfo.swift */; };
		C8D94B742A9E688200D10F42 /* Pets.swift in Sources */ = {isa = PBXBuildFile; fileRef = C8D94B732A9E688200D10F42 /* Pets.swift */; };
		C8D94B782A9E6F4900D10F42 /* Binding.swift in Sources */ = {isa = PBXBuildFile; fileRef = C8D94B772A9E6F4900D10F42 /* Binding.swift */; };
		C8D94B7B2A9E70ED00D10F42 /* PetManager.swift in Sources */ = {isa = PBXBuildFile; fileRef = C8D94B7A2A9E70ED00D10F42 /* PetManager.swift */; };
		C8D94B7D2A9F469A00D10F42 /* String.swift in Sources */ = {isa = PBXBuildFile; fileRef = C8D94B7C2A9F469A00D10F42 /* String.swift */; };
		C8D94B802A9F4ED200D10F42 /* StorageManager.swift in Sources */ = {isa = PBXBuildFile; fileRef = C8D94B7F2A9F4ED200D10F42 /* StorageManager.swift */; };
/* End PBXBuildFile section */

/* Begin PBXContainerItemProxy section */
		C8D94B2D2A9DE15A00D10F42 /* PBXContainerItemProxy */ = {
			isa = PBXContainerItemProxy;
			containerPortal = C8D94B142A9DE15500D10F42 /* Project object */;
			proxyType = 1;
			remoteGlobalIDString = C8D94B1B2A9DE15500D10F42;
			remoteInfo = pethealth;
		};
		C8D94B372A9DE15A00D10F42 /* PBXContainerItemProxy */ = {
			isa = PBXContainerItemProxy;
			containerPortal = C8D94B142A9DE15500D10F42 /* Project object */;
			proxyType = 1;
			remoteGlobalIDString = C8D94B1B2A9DE15500D10F42;
			remoteInfo = pethealth;
		};
/* End PBXContainerItemProxy section */

/* Begin PBXFileReference section */
		C83329612A9F5ADA00F2BB15 /* ImageLoader.swift */ = {isa = PBXFileReference; lastKnownFileType = sourcecode.swift; path = ImageLoader.swift; sourceTree = "<group>"; };
		C83329632AA4C5EE00F2BB15 /* RssFeed.swift */ = {isa = PBXFileReference; lastKnownFileType = sourcecode.swift; path = RssFeed.swift; sourceTree = "<group>"; };
		C83329682AA5045600F2BB15 /* RssFeedItem.swift */ = {isa = PBXFileReference; lastKnownFileType = sourcecode.swift; path = RssFeedItem.swift; sourceTree = "<group>"; };
		C833296A2AA508C400F2BB15 /* Date.swift */ = {isa = PBXFileReference; lastKnownFileType = sourcecode.swift; path = Date.swift; sourceTree = "<group>"; };
		C8D94B1C2A9DE15500D10F42 /* pethealth.app */ = {isa = PBXFileReference; explicitFileType = wrapper.application; includeInIndex = 0; path = pethealth.app; sourceTree = BUILT_PRODUCTS_DIR; };
		C8D94B1F2A9DE15500D10F42 /* pethealthApp.swift */ = {isa = PBXFileReference; lastKnownFileType = sourcecode.swift; path = pethealthApp.swift; sourceTree = "<group>"; };
		C8D94B212A9DE15500D10F42 /* ContentView.swift */ = {isa = PBXFileReference; lastKnownFileType = sourcecode.swift; path = ContentView.swift; sourceTree = "<group>"; };
		C8D94B232A9DE15A00D10F42 /* Assets.xcassets */ = {isa = PBXFileReference; lastKnownFileType = folder.assetcatalog; path = Assets.xcassets; sourceTree = "<group>"; };
		C8D94B262A9DE15A00D10F42 /* Preview Assets.xcassets */ = {isa = PBXFileReference; lastKnownFileType = folder.assetcatalog; path = "Preview Assets.xcassets"; sourceTree = "<group>"; };
		C8D94B2C2A9DE15A00D10F42 /* pethealthTests.xctest */ = {isa = PBXFileReference; explicitFileType = wrapper.cfbundle; includeInIndex = 0; path = pethealthTests.xctest; sourceTree = BUILT_PRODUCTS_DIR; };
		C8D94B302A9DE15A00D10F42 /* pethealthTests.swift */ = {isa = PBXFileReference; lastKnownFileType = sourcecode.swift; path = pethealthTests.swift; sourceTree = "<group>"; };
		C8D94B362A9DE15A00D10F42 /* pethealthUITests.xctest */ = {isa = PBXFileReference; explicitFileType = wrapper.cfbundle; includeInIndex = 0; path = pethealthUITests.xctest; sourceTree = BUILT_PRODUCTS_DIR; };
		C8D94B3A2A9DE15A00D10F42 /* pethealthUITests.swift */ = {isa = PBXFileReference; lastKnownFileType = sourcecode.swift; path = pethealthUITests.swift; sourceTree = "<group>"; };
		C8D94B3C2A9DE15A00D10F42 /* pethealthUITestsLaunchTests.swift */ = {isa = PBXFileReference; lastKnownFileType = sourcecode.swift; path = pethealthUITestsLaunchTests.swift; sourceTree = "<group>"; };
		C8D94B492A9DE6BE00D10F42 /* GoogleService-Info.plist */ = {isa = PBXFileReference; lastKnownFileType = text.plist; path = "GoogleService-Info.plist"; sourceTree = SOURCE_ROOT; };
		C8D94B602A9DE8A400D10F42 /* LoginView.swift */ = {isa = PBXFileReference; lastKnownFileType = sourcecode.swift; path = LoginView.swift; sourceTree = "<group>"; };
		C8D94B622A9DE8AD00D10F42 /* RegisterView.swift */ = {isa = PBXFileReference; lastKnownFileType = sourcecode.swift; path = RegisterView.swift; sourceTree = "<group>"; };
		C8D94B642A9DE8C500D10F42 /* HomeView.swift */ = {isa = PBXFileReference; lastKnownFileType = sourcecode.swift; path = HomeView.swift; sourceTree = "<group>"; };
		C8D94B672A9DE8ED00D10F42 /* User.swift */ = {isa = PBXFileReference; lastKnownFileType = sourcecode.swift; path = User.swift; sourceTree = "<group>"; };
		C8D94B6A2A9DE91F00D10F42 /* UserModel.swift */ = {isa = PBXFileReference; lastKnownFileType = sourcecode.swift; path = UserModel.swift; sourceTree = "<group>"; };
		C8D94B6F2A9DF09E00D10F42 /* PetCategoryView.swift */ = {isa = PBXFileReference; lastKnownFileType = sourcecode.swift; path = PetCategoryView.swift; sourceTree = "<group>"; };
		C8D94B712A9DF73100D10F42 /* FillPetInfo.swift */ = {isa = PBXFileReference; lastKnownFileType = sourcecode.swift; path = FillPetInfo.swift; sourceTree = "<group>"; };
		C8D94B732A9E688200D10F42 /* Pets.swift */ = {isa = PBXFileReference; lastKnownFileType = sourcecode.swift; path = Pets.swift; sourceTree = "<group>"; };
		C8D94B772A9E6F4900D10F42 /* Binding.swift */ = {isa = PBXFileReference; lastKnownFileType = sourcecode.swift; path = Binding.swift; sourceTree = "<group>"; };
		C8D94B7A2A9E70ED00D10F42 /* PetManager.swift */ = {isa = PBXFileReference; lastKnownFileType = sourcecode.swift; path = PetManager.swift; sourceTree = "<group>"; };
		C8D94B7C2A9F469A00D10F42 /* String.swift */ = {isa = PBXFileReference; lastKnownFileType = sourcecode.swift; path = String.swift; sourceTree = "<group>"; };
		C8D94B7F2A9F4ED200D10F42 /* StorageManager.swift */ = {isa = PBXFileReference; lastKnownFileType = sourcecode.swift; path = StorageManager.swift; sourceTree = "<group>"; };
/* End PBXFileReference section */

/* Begin PBXFrameworksBuildPhase section */
		C8D94B192A9DE15500D10F42 /* Frameworks */ = {
			isa = PBXFrameworksBuildPhase;
			buildActionMask = 2147483647;
			files = (
				C8D94B512A9DE70F00D10F42 /* FirebaseDatabaseSwift in Frameworks */,
				C83329672AA4CAF000F2BB15 /* FeedKit in Frameworks */,
				C8D94B5B2A9DE70F00D10F42 /* FirebaseRemoteConfigSwift in Frameworks */,
				C8D94B5D2A9DE70F00D10F42 /* FirebaseStorage in Frameworks */,
				C8D94B4F2A9DE70F00D10F42 /* FirebaseDatabase in Frameworks */,
				C8D94B4D2A9DE70F00D10F42 /* FirebaseAuth in Frameworks */,
				C8D94B592A9DE70F00D10F42 /* FirebaseRemoteConfig in Frameworks */,
				C8D94B552A9DE70F00D10F42 /* FirebaseFirestore in Frameworks */,
				C8D94B532A9DE70F00D10F42 /* FirebaseDynamicLinks in Frameworks */,
				C8D94B572A9DE70F00D10F42 /* FirebaseFirestoreSwift in Frameworks */,
			);
			runOnlyForDeploymentPostprocessing = 0;
		};
		C8D94B292A9DE15A00D10F42 /* Frameworks */ = {
			isa = PBXFrameworksBuildPhase;
			buildActionMask = 2147483647;
			files = (
			);
			runOnlyForDeploymentPostprocessing = 0;
		};
		C8D94B332A9DE15A00D10F42 /* Frameworks */ = {
			isa = PBXFrameworksBuildPhase;
			buildActionMask = 2147483647;
			files = (
			);
			runOnlyForDeploymentPostprocessing = 0;
		};
/* End PBXFrameworksBuildPhase section */

/* Begin PBXGroup section */
		C83329602A9F5ACD00F2BB15 /* Utils */ = {
			isa = PBXGroup;
			children = (
				C83329612A9F5ADA00F2BB15 /* ImageLoader.swift */,
			);
			path = Utils;
			sourceTree = "<group>";
		};
		C8D94B132A9DE15500D10F42 = {
			isa = PBXGroup;
			children = (
				C83329602A9F5ACD00F2BB15 /* Utils */,
				C8D94B7E2A9F4EC400D10F42 /* Storage */,
				C8D94B792A9E70DF00D10F42 /* Firestore */,
				C8D94B752A9E6F1C00D10F42 /* Extensions */,
				C8D94B692A9DE91400D10F42 /* MVVM */,
				C8D94B662A9DE8D000D10F42 /* Structs */,
				C8D94B5E2A9DE88900D10F42 /* Views */,
				C8D94B1E2A9DE15500D10F42 /* pethealth */,
				C8D94B2F2A9DE15A00D10F42 /* pethealthTests */,
				C8D94B392A9DE15A00D10F42 /* pethealthUITests */,
				C8D94B1D2A9DE15500D10F42 /* Products */,
			);
			sourceTree = "<group>";
		};
		C8D94B1D2A9DE15500D10F42 /* Products */ = {
			isa = PBXGroup;
			children = (
				C8D94B1C2A9DE15500D10F42 /* pethealth.app */,
				C8D94B2C2A9DE15A00D10F42 /* pethealthTests.xctest */,
				C8D94B362A9DE15A00D10F42 /* pethealthUITests.xctest */,
			);
			name = Products;
			sourceTree = "<group>";
		};
		C8D94B1E2A9DE15500D10F42 /* pethealth */ = {
			isa = PBXGroup;
			children = (
				C8D94B1F2A9DE15500D10F42 /* pethealthApp.swift */,
				C8D94B212A9DE15500D10F42 /* ContentView.swift */,
				C8D94B492A9DE6BE00D10F42 /* GoogleService-Info.plist */,
				C8D94B232A9DE15A00D10F42 /* Assets.xcassets */,
				C8D94B252A9DE15A00D10F42 /* Preview Content */,
			);
			path = pethealth;
			sourceTree = "<group>";
		};
		C8D94B252A9DE15A00D10F42 /* Preview Content */ = {
			isa = PBXGroup;
			children = (
				C8D94B262A9DE15A00D10F42 /* Preview Assets.xcassets */,
			);
			path = "Preview Content";
			sourceTree = "<group>";
		};
		C8D94B2F2A9DE15A00D10F42 /* pethealthTests */ = {
			isa = PBXGroup;
			children = (
				C8D94B302A9DE15A00D10F42 /* pethealthTests.swift */,
			);
			path = pethealthTests;
			sourceTree = "<group>";
		};
		C8D94B392A9DE15A00D10F42 /* pethealthUITests */ = {
			isa = PBXGroup;
			children = (
				C8D94B3A2A9DE15A00D10F42 /* pethealthUITests.swift */,
				C8D94B3C2A9DE15A00D10F42 /* pethealthUITestsLaunchTests.swift */,
			);
			path = pethealthUITests;
			sourceTree = "<group>";
		};
		C8D94B5E2A9DE88900D10F42 /* Views */ = {
			isa = PBXGroup;
			children = (
				C8D94B6C2A9DEF6300D10F42 /* AddPetViews */,
				C8D94B5F2A9DE89100D10F42 /* AuthViews */,
				C8D94B642A9DE8C500D10F42 /* HomeView.swift */,
				C83329632AA4C5EE00F2BB15 /* RssFeed.swift */,
				C83329682AA5045600F2BB15 /* RssFeedItem.swift */,
			);
			path = Views;
			sourceTree = "<group>";
		};
		C8D94B5F2A9DE89100D10F42 /* AuthViews */ = {
			isa = PBXGroup;
			children = (
				C8D94B602A9DE8A400D10F42 /* LoginView.swift */,
				C8D94B622A9DE8AD00D10F42 /* RegisterView.swift */,
			);
			path = AuthViews;
			sourceTree = "<group>";
		};
		C8D94B662A9DE8D000D10F42 /* Structs */ = {
			isa = PBXGroup;
			children = (
				C8D94B672A9DE8ED00D10F42 /* User.swift */,
				C8D94B732A9E688200D10F42 /* Pets.swift */,
			);
			path = Structs;
			sourceTree = "<group>";
		};
		C8D94B692A9DE91400D10F42 /* MVVM */ = {
			isa = PBXGroup;
			children = (
				C8D94B6A2A9DE91F00D10F42 /* UserModel.swift */,
			);
			path = MVVM;
			sourceTree = "<group>";
		};
		C8D94B6C2A9DEF6300D10F42 /* AddPetViews */ = {
			isa = PBXGroup;
			children = (
				C8D94B6F2A9DF09E00D10F42 /* PetCategoryView.swift */,
				C8D94B712A9DF73100D10F42 /* FillPetInfo.swift */,
			);
			path = AddPetViews;
			sourceTree = "<group>";
		};
		C8D94B752A9E6F1C00D10F42 /* Extensions */ = {
			isa = PBXGroup;
			children = (
				C8D94B772A9E6F4900D10F42 /* Binding.swift */,
				C833296A2AA508C400F2BB15 /* Date.swift */,
				C8D94B7C2A9F469A00D10F42 /* String.swift */,
			);
			path = Extensions;
			sourceTree = "<group>";
		};
		C8D94B792A9E70DF00D10F42 /* Firestore */ = {
			isa = PBXGroup;
			children = (
				C8D94B7A2A9E70ED00D10F42 /* PetManager.swift */,
			);
			path = Firestore;
			sourceTree = "<group>";
		};
		C8D94B7E2A9F4EC400D10F42 /* Storage */ = {
			isa = PBXGroup;
			children = (
				C8D94B7F2A9F4ED200D10F42 /* StorageManager.swift */,
			);
			path = Storage;
			sourceTree = "<group>";
		};
/* End PBXGroup section */

/* Begin PBXNativeTarget section */
		C8D94B1B2A9DE15500D10F42 /* pethealth */ = {
			isa = PBXNativeTarget;
			buildConfigurationList = C8D94B402A9DE15A00D10F42 /* Build configuration list for PBXNativeTarget "pethealth" */;
			buildPhases = (
				C8D94B182A9DE15500D10F42 /* Sources */,
				C8D94B192A9DE15500D10F42 /* Frameworks */,
				C8D94B1A2A9DE15500D10F42 /* Resources */,
			);
			buildRules = (
			);
			dependencies = (
			);
			name = pethealth;
			packageProductDependencies = (
				C8D94B4C2A9DE70F00D10F42 /* FirebaseAuth */,
				C8D94B4E2A9DE70F00D10F42 /* FirebaseDatabase */,
				C8D94B502A9DE70F00D10F42 /* FirebaseDatabaseSwift */,
				C8D94B522A9DE70F00D10F42 /* FirebaseDynamicLinks */,
				C8D94B542A9DE70F00D10F42 /* FirebaseFirestore */,
				C8D94B562A9DE70F00D10F42 /* FirebaseFirestoreSwift */,
				C8D94B582A9DE70F00D10F42 /* FirebaseRemoteConfig */,
				C8D94B5A2A9DE70F00D10F42 /* FirebaseRemoteConfigSwift */,
				C8D94B5C2A9DE70F00D10F42 /* FirebaseStorage */,
				C83329662AA4CAF000F2BB15 /* FeedKit */,
			);
			productName = pethealth;
			productReference = C8D94B1C2A9DE15500D10F42 /* pethealth.app */;
			productType = "com.apple.product-type.application";
		};
		C8D94B2B2A9DE15A00D10F42 /* pethealthTests */ = {
			isa = PBXNativeTarget;
			buildConfigurationList = C8D94B432A9DE15A00D10F42 /* Build configuration list for PBXNativeTarget "pethealthTests" */;
			buildPhases = (
				C8D94B282A9DE15A00D10F42 /* Sources */,
				C8D94B292A9DE15A00D10F42 /* Frameworks */,
				C8D94B2A2A9DE15A00D10F42 /* Resources */,
			);
			buildRules = (
			);
			dependencies = (
				C8D94B2E2A9DE15A00D10F42 /* PBXTargetDependency */,
			);
			name = pethealthTests;
			productName = pethealthTests;
			productReference = C8D94B2C2A9DE15A00D10F42 /* pethealthTests.xctest */;
			productType = "com.apple.product-type.bundle.unit-test";
		};
		C8D94B352A9DE15A00D10F42 /* pethealthUITests */ = {
			isa = PBXNativeTarget;
			buildConfigurationList = C8D94B462A9DE15A00D10F42 /* Build configuration list for PBXNativeTarget "pethealthUITests" */;
			buildPhases = (
				C8D94B322A9DE15A00D10F42 /* Sources */,
				C8D94B332A9DE15A00D10F42 /* Frameworks */,
				C8D94B342A9DE15A00D10F42 /* Resources */,
			);
			buildRules = (
			);
			dependencies = (
				C8D94B382A9DE15A00D10F42 /* PBXTargetDependency */,
			);
			name = pethealthUITests;
			productName = pethealthUITests;
			productReference = C8D94B362A9DE15A00D10F42 /* pethealthUITests.xctest */;
			productType = "com.apple.product-type.bundle.ui-testing";
		};
/* End PBXNativeTarget section */

/* Begin PBXProject section */
		C8D94B142A9DE15500D10F42 /* Project object */ = {
			isa = PBXProject;
			attributes = {
				BuildIndependentTargetsInParallel = 1;
				LastSwiftUpdateCheck = 1430;
				LastUpgradeCheck = 1430;
				TargetAttributes = {
					C8D94B1B2A9DE15500D10F42 = {
						CreatedOnToolsVersion = 14.3.1;
					};
					C8D94B2B2A9DE15A00D10F42 = {
						CreatedOnToolsVersion = 14.3.1;
						TestTargetID = C8D94B1B2A9DE15500D10F42;
					};
					C8D94B352A9DE15A00D10F42 = {
						CreatedOnToolsVersion = 14.3.1;
						TestTargetID = C8D94B1B2A9DE15500D10F42;
					};
				};
			};
			buildConfigurationList = C8D94B172A9DE15500D10F42 /* Build configuration list for PBXProject "pethealth" */;
			compatibilityVersion = "Xcode 14.0";
			developmentRegion = en;
			hasScannedForEncodings = 0;
			knownRegions = (
				en,
				Base,
			);
			mainGroup = C8D94B132A9DE15500D10F42;
			packageReferences = (
				C8D94B4B2A9DE70F00D10F42 /* XCRemoteSwiftPackageReference "firebase-ios-sdk" */,
				C83329652AA4CAF000F2BB15 /* XCRemoteSwiftPackageReference "FeedKit" */,
			);
			productRefGroup = C8D94B1D2A9DE15500D10F42 /* Products */;
			projectDirPath = "";
			projectRoot = "";
			targets = (
				C8D94B1B2A9DE15500D10F42 /* pethealth */,
				C8D94B2B2A9DE15A00D10F42 /* pethealthTests */,
				C8D94B352A9DE15A00D10F42 /* pethealthUITests */,
			);
		};
/* End PBXProject section */

/* Begin PBXResourcesBuildPhase section */
		C8D94B1A2A9DE15500D10F42 /* Resources */ = {
			isa = PBXResourcesBuildPhase;
			buildActionMask = 2147483647;
			files = (
				C8D94B272A9DE15A00D10F42 /* Preview Assets.xcassets in Resources */,
				C8D94B242A9DE15A00D10F42 /* Assets.xcassets in Resources */,
				C8D94B4A2A9DE6BE00D10F42 /* GoogleService-Info.plist in Resources */,
			);
			runOnlyForDeploymentPostprocessing = 0;
		};
		C8D94B2A2A9DE15A00D10F42 /* Resources */ = {
			isa = PBXResourcesBuildPhase;
			buildActionMask = 2147483647;
			files = (
			);
			runOnlyForDeploymentPostprocessing = 0;
		};
		C8D94B342A9DE15A00D10F42 /* Resources */ = {
			isa = PBXResourcesBuildPhase;
			buildActionMask = 2147483647;
			files = (
			);
			runOnlyForDeploymentPostprocessing = 0;
		};
/* End PBXResourcesBuildPhase section */

/* Begin PBXSourcesBuildPhase section */
		C8D94B182A9DE15500D10F42 /* Sources */ = {
			isa = PBXSourcesBuildPhase;
			buildActionMask = 2147483647;
			files = (
				C8D94B612A9DE8A400D10F42 /* LoginView.swift in Sources */,
				C8D94B7D2A9F469A00D10F42 /* String.swift in Sources */,
				C83329622A9F5ADA00F2BB15 /* ImageLoader.swift in Sources */,
				C8D94B632A9DE8AD00D10F42 /* RegisterView.swift in Sources */,
				C83329692AA5045600F2BB15 /* RssFeedItem.swift in Sources */,
				C83329642AA4C5EE00F2BB15 /* RssFeed.swift in Sources */,
				C8D94B802A9F4ED200D10F42 /* StorageManager.swift in Sources */,
				C833296B2AA508C400F2BB15 /* Date.swift in Sources */,
				C8D94B722A9DF73100D10F42 /* FillPetInfo.swift in Sources */,
				C8D94B782A9E6F4900D10F42 /* Binding.swift in Sources */,
				C8D94B742A9E688200D10F42 /* Pets.swift in Sources */,
				C8D94B702A9DF09E00D10F42 /* PetCategoryView.swift in Sources */,
				C8D94B6B2A9DE91F00D10F42 /* UserModel.swift in Sources */,
				C8D94B682A9DE8ED00D10F42 /* User.swift in Sources */,
				C8D94B222A9DE15500D10F42 /* ContentView.swift in Sources */,
				C8D94B652A9DE8C500D10F42 /* HomeView.swift in Sources */,
				C8D94B202A9DE15500D10F42 /* pethealthApp.swift in Sources */,
				C8D94B7B2A9E70ED00D10F42 /* PetManager.swift in Sources */,
			);
			runOnlyForDeploymentPostprocessing = 0;
		};
		C8D94B282A9DE15A00D10F42 /* Sources */ = {
			isa = PBXSourcesBuildPhase;
			buildActionMask = 2147483647;
			files = (
				C8D94B312A9DE15A00D10F42 /* pethealthTests.swift in Sources */,
			);
			runOnlyForDeploymentPostprocessing = 0;
		};
		C8D94B322A9DE15A00D10F42 /* Sources */ = {
			isa = PBXSourcesBuildPhase;
			buildActionMask = 2147483647;
			files = (
				C8D94B3D2A9DE15A00D10F42 /* pethealthUITestsLaunchTests.swift in Sources */,
				C8D94B3B2A9DE15A00D10F42 /* pethealthUITests.swift in Sources */,
			);
			runOnlyForDeploymentPostprocessing = 0;
		};
/* End PBXSourcesBuildPhase section */

/* Begin PBXTargetDependency section */
		C8D94B2E2A9DE15A00D10F42 /* PBXTargetDependency */ = {
			isa = PBXTargetDependency;
			target = C8D94B1B2A9DE15500D10F42 /* pethealth */;
			targetProxy = C8D94B2D2A9DE15A00D10F42 /* PBXContainerItemProxy */;
		};
		C8D94B382A9DE15A00D10F42 /* PBXTargetDependency */ = {
			isa = PBXTargetDependency;
			target = C8D94B1B2A9DE15500D10F42 /* pethealth */;
			targetProxy = C8D94B372A9DE15A00D10F42 /* PBXContainerItemProxy */;
		};
/* End PBXTargetDependency section */

/* Begin XCBuildConfiguration section */
		C8D94B3E2A9DE15A00D10F42 /* Debug */ = {
			isa = XCBuildConfiguration;
			buildSettings = {
				ALWAYS_SEARCH_USER_PATHS = NO;
				CLANG_ANALYZER_NONNULL = YES;
				CLANG_ANALYZER_NUMBER_OBJECT_CONVERSION = YES_AGGRESSIVE;
				CLANG_CXX_LANGUAGE_STANDARD = "gnu++20";
				CLANG_ENABLE_MODULES = YES;
				CLANG_ENABLE_OBJC_ARC = YES;
				CLANG_ENABLE_OBJC_WEAK = YES;
				CLANG_WARN_BLOCK_CAPTURE_AUTORELEASING = YES;
				CLANG_WARN_BOOL_CONVERSION = YES;
				CLANG_WARN_COMMA = YES;
				CLANG_WARN_CONSTANT_CONVERSION = YES;
				CLANG_WARN_DEPRECATED_OBJC_IMPLEMENTATIONS = YES;
				CLANG_WARN_DIRECT_OBJC_ISA_USAGE = YES_ERROR;
				CLANG_WARN_DOCUMENTATION_COMMENTS = YES;
				CLANG_WARN_EMPTY_BODY = YES;
				CLANG_WARN_ENUM_CONVERSION = YES;
				CLANG_WARN_INFINITE_RECURSION = YES;
				CLANG_WARN_INT_CONVERSION = YES;
				CLANG_WARN_NON_LITERAL_NULL_CONVERSION = YES;
				CLANG_WARN_OBJC_IMPLICIT_RETAIN_SELF = YES;
				CLANG_WARN_OBJC_LITERAL_CONVERSION = YES;
				CLANG_WARN_OBJC_ROOT_CLASS = YES_ERROR;
				CLANG_WARN_QUOTED_INCLUDE_IN_FRAMEWORK_HEADER = YES;
				CLANG_WARN_RANGE_LOOP_ANALYSIS = YES;
				CLANG_WARN_STRICT_PROTOTYPES = YES;
				CLANG_WARN_SUSPICIOUS_MOVE = YES;
				CLANG_WARN_UNGUARDED_AVAILABILITY = YES_AGGRESSIVE;
				CLANG_WARN_UNREACHABLE_CODE = YES;
				CLANG_WARN__DUPLICATE_METHOD_MATCH = YES;
				COPY_PHASE_STRIP = NO;
				DEBUG_INFORMATION_FORMAT = dwarf;
				ENABLE_STRICT_OBJC_MSGSEND = YES;
				ENABLE_TESTABILITY = YES;
				GCC_C_LANGUAGE_STANDARD = gnu11;
				GCC_DYNAMIC_NO_PIC = NO;
				GCC_NO_COMMON_BLOCKS = YES;
				GCC_OPTIMIZATION_LEVEL = 0;
				GCC_PREPROCESSOR_DEFINITIONS = (
					"DEBUG=1",
					"$(inherited)",
				);
				GCC_WARN_64_TO_32_BIT_CONVERSION = YES;
				GCC_WARN_ABOUT_RETURN_TYPE = YES_ERROR;
				GCC_WARN_UNDECLARED_SELECTOR = YES;
				GCC_WARN_UNINITIALIZED_AUTOS = YES_AGGRESSIVE;
				GCC_WARN_UNUSED_FUNCTION = YES;
				GCC_WARN_UNUSED_VARIABLE = YES;
				IPHONEOS_DEPLOYMENT_TARGET = 16.4;
				MTL_ENABLE_DEBUG_INFO = INCLUDE_SOURCE;
				MTL_FAST_MATH = YES;
				ONLY_ACTIVE_ARCH = YES;
				SDKROOT = iphoneos;
				SWIFT_ACTIVE_COMPILATION_CONDITIONS = DEBUG;
				SWIFT_OPTIMIZATION_LEVEL = "-Onone";
			};
			name = Debug;
		};
		C8D94B3F2A9DE15A00D10F42 /* Release */ = {
			isa = XCBuildConfiguration;
			buildSettings = {
				ALWAYS_SEARCH_USER_PATHS = NO;
				CLANG_ANALYZER_NONNULL = YES;
				CLANG_ANALYZER_NUMBER_OBJECT_CONVERSION = YES_AGGRESSIVE;
				CLANG_CXX_LANGUAGE_STANDARD = "gnu++20";
				CLANG_ENABLE_MODULES = YES;
				CLANG_ENABLE_OBJC_ARC = YES;
				CLANG_ENABLE_OBJC_WEAK = YES;
				CLANG_WARN_BLOCK_CAPTURE_AUTORELEASING = YES;
				CLANG_WARN_BOOL_CONVERSION = YES;
				CLANG_WARN_COMMA = YES;
				CLANG_WARN_CONSTANT_CONVERSION = YES;
				CLANG_WARN_DEPRECATED_OBJC_IMPLEMENTATIONS = YES;
				CLANG_WARN_DIRECT_OBJC_ISA_USAGE = YES_ERROR;
				CLANG_WARN_DOCUMENTATION_COMMENTS = YES;
				CLANG_WARN_EMPTY_BODY = YES;
				CLANG_WARN_ENUM_CONVERSION = YES;
				CLANG_WARN_INFINITE_RECURSION = YES;
				CLANG_WARN_INT_CONVERSION = YES;
				CLANG_WARN_NON_LITERAL_NULL_CONVERSION = YES;
				CLANG_WARN_OBJC_IMPLICIT_RETAIN_SELF = YES;
				CLANG_WARN_OBJC_LITERAL_CONVERSION = YES;
				CLANG_WARN_OBJC_ROOT_CLASS = YES_ERROR;
				CLANG_WARN_QUOTED_INCLUDE_IN_FRAMEWORK_HEADER = YES;
				CLANG_WARN_RANGE_LOOP_ANALYSIS = YES;
				CLANG_WARN_STRICT_PROTOTYPES = YES;
				CLANG_WARN_SUSPICIOUS_MOVE = YES;
				CLANG_WARN_UNGUARDED_AVAILABILITY = YES_AGGRESSIVE;
				CLANG_WARN_UNREACHABLE_CODE = YES;
				CLANG_WARN__DUPLICATE_METHOD_MATCH = YES;
				COPY_PHASE_STRIP = NO;
				DEBUG_INFORMATION_FORMAT = "dwarf-with-dsym";
				ENABLE_NS_ASSERTIONS = NO;
				ENABLE_STRICT_OBJC_MSGSEND = YES;
				GCC_C_LANGUAGE_STANDARD = gnu11;
				GCC_NO_COMMON_BLOCKS = YES;
				GCC_WARN_64_TO_32_BIT_CONVERSION = YES;
				GCC_WARN_ABOUT_RETURN_TYPE = YES_ERROR;
				GCC_WARN_UNDECLARED_SELECTOR = YES;
				GCC_WARN_UNINITIALIZED_AUTOS = YES_AGGRESSIVE;
				GCC_WARN_UNUSED_FUNCTION = YES;
				GCC_WARN_UNUSED_VARIABLE = YES;
				IPHONEOS_DEPLOYMENT_TARGET = 16.4;
				MTL_ENABLE_DEBUG_INFO = NO;
				MTL_FAST_MATH = YES;
				SDKROOT = iphoneos;
				SWIFT_COMPILATION_MODE = wholemodule;
				SWIFT_OPTIMIZATION_LEVEL = "-O";
				VALIDATE_PRODUCT = YES;
			};
			name = Release;
		};
		C8D94B412A9DE15A00D10F42 /* Debug */ = {
			isa = XCBuildConfiguration;
			buildSettings = {
				ASSETCATALOG_COMPILER_APPICON_NAME = AppIcon;
				ASSETCATALOG_COMPILER_GLOBAL_ACCENT_COLOR_NAME = AccentColor;
				CODE_SIGN_STYLE = Automatic;
				CURRENT_PROJECT_VERSION = 1;
				DEVELOPMENT_ASSET_PATHS = "\"pethealth/Preview Content\"";
				DEVELOPMENT_TEAM = UJH28XA776;
				ENABLE_PREVIEWS = YES;
				GENERATE_INFOPLIST_FILE = YES;
				INFOPLIST_KEY_UIApplicationSceneManifest_Generation = YES;
				INFOPLIST_KEY_UIApplicationSupportsIndirectInputEvents = YES;
				INFOPLIST_KEY_UILaunchScreen_Generation = YES;
				INFOPLIST_KEY_UISupportedInterfaceOrientations_iPad = "UIInterfaceOrientationPortrait UIInterfaceOrientationPortraitUpsideDown UIInterfaceOrientationLandscapeLeft UIInterfaceOrientationLandscapeRight";
				INFOPLIST_KEY_UISupportedInterfaceOrientations_iPhone = "UIInterfaceOrientationPortrait UIInterfaceOrientationLandscapeLeft UIInterfaceOrientationLandscapeRight";
				LD_RUNPATH_SEARCH_PATHS = (
					"$(inherited)",
					"@executable_path/Frameworks",
				);
				MARKETING_VERSION = 1.0;
				PRODUCT_BUNDLE_IDENTIFIER = gheorghe.pethealth;
				PRODUCT_NAME = "$(TARGET_NAME)";
				SWIFT_EMIT_LOC_STRINGS = YES;
				SWIFT_VERSION = 5.0;
				TARGETED_DEVICE_FAMILY = "1,2";
			};
			name = Debug;
		};
		C8D94B422A9DE15A00D10F42 /* Release */ = {
			isa = XCBuildConfiguration;
			buildSettings = {
				ASSETCATALOG_COMPILER_APPICON_NAME = AppIcon;
				ASSETCATALOG_COMPILER_GLOBAL_ACCENT_COLOR_NAME = AccentColor;
				CODE_SIGN_STYLE = Automatic;
				CURRENT_PROJECT_VERSION = 1;
				DEVELOPMENT_ASSET_PATHS = "\"pethealth/Preview Content\"";
				DEVELOPMENT_TEAM = UJH28XA776;
				ENABLE_PREVIEWS = YES;
				GENERATE_INFOPLIST_FILE = YES;
				INFOPLIST_KEY_UIApplicationSceneManifest_Generation = YES;
				INFOPLIST_KEY_UIApplicationSupportsIndirectInputEvents = YES;
				INFOPLIST_KEY_UILaunchScreen_Generation = YES;
				INFOPLIST_KEY_UISupportedInterfaceOrientations_iPad = "UIInterfaceOrientationPortrait UIInterfaceOrientationPortraitUpsideDown UIInterfaceOrientationLandscapeLeft UIInterfaceOrientationLandscapeRight";
				INFOPLIST_KEY_UISupportedInterfaceOrientations_iPhone = "UIInterfaceOrientationPortrait UIInterfaceOrientationLandscapeLeft UIInterfaceOrientationLandscapeRight";
				LD_RUNPATH_SEARCH_PATHS = (
					"$(inherited)",
					"@executable_path/Frameworks",
				);
				MARKETING_VERSION = 1.0;
				PRODUCT_BUNDLE_IDENTIFIER = gheorghe.pethealth;
				PRODUCT_NAME = "$(TARGET_NAME)";
				SWIFT_EMIT_LOC_STRINGS = YES;
				SWIFT_VERSION = 5.0;
				TARGETED_DEVICE_FAMILY = "1,2";
			};
			name = Release;
		};
		C8D94B442A9DE15A00D10F42 /* Debug */ = {
			isa = XCBuildConfiguration;
			buildSettings = {
				ALWAYS_EMBED_SWIFT_STANDARD_LIBRARIES = YES;
				BUNDLE_LOADER = "$(TEST_HOST)";
				CODE_SIGN_STYLE = Automatic;
				CURRENT_PROJECT_VERSION = 1;
				DEVELOPMENT_TEAM = UJH28XA776;
				GENERATE_INFOPLIST_FILE = YES;
				IPHONEOS_DEPLOYMENT_TARGET = 16.4;
				MARKETING_VERSION = 1.0;
				PRODUCT_BUNDLE_IDENTIFIER = gheorghe.pethealthTests;
				PRODUCT_NAME = "$(TARGET_NAME)";
				SWIFT_EMIT_LOC_STRINGS = NO;
				SWIFT_VERSION = 5.0;
				TARGETED_DEVICE_FAMILY = "1,2";
				TEST_HOST = "$(BUILT_PRODUCTS_DIR)/pethealth.app/$(BUNDLE_EXECUTABLE_FOLDER_PATH)/pethealth";
			};
			name = Debug;
		};
		C8D94B452A9DE15A00D10F42 /* Release */ = {
			isa = XCBuildConfiguration;
			buildSettings = {
				ALWAYS_EMBED_SWIFT_STANDARD_LIBRARIES = YES;
				BUNDLE_LOADER = "$(TEST_HOST)";
				CODE_SIGN_STYLE = Automatic;
				CURRENT_PROJECT_VERSION = 1;
				DEVELOPMENT_TEAM = UJH28XA776;
				GENERATE_INFOPLIST_FILE = YES;
				IPHONEOS_DEPLOYMENT_TARGET = 16.4;
				MARKETING_VERSION = 1.0;
				PRODUCT_BUNDLE_IDENTIFIER = gheorghe.pethealthTests;
				PRODUCT_NAME = "$(TARGET_NAME)";
				SWIFT_EMIT_LOC_STRINGS = NO;
				SWIFT_VERSION = 5.0;
				TARGETED_DEVICE_FAMILY = "1,2";
				TEST_HOST = "$(BUILT_PRODUCTS_DIR)/pethealth.app/$(BUNDLE_EXECUTABLE_FOLDER_PATH)/pethealth";
			};
			name = Release;
		};
		C8D94B472A9DE15A00D10F42 /* Debug */ = {
			isa = XCBuildConfiguration;
			buildSettings = {
				ALWAYS_EMBED_SWIFT_STANDARD_LIBRARIES = YES;
				CODE_SIGN_STYLE = Automatic;
				CURRENT_PROJECT_VERSION = 1;
				DEVELOPMENT_TEAM = UJH28XA776;
				GENERATE_INFOPLIST_FILE = YES;
				MARKETING_VERSION = 1.0;
				PRODUCT_BUNDLE_IDENTIFIER = gheorghe.pethealthUITests;
				PRODUCT_NAME = "$(TARGET_NAME)";
				SWIFT_EMIT_LOC_STRINGS = NO;
				SWIFT_VERSION = 5.0;
				TARGETED_DEVICE_FAMILY = "1,2";
				TEST_TARGET_NAME = pethealth;
			};
			name = Debug;
		};
		C8D94B482A9DE15A00D10F42 /* Release */ = {
			isa = XCBuildConfiguration;
			buildSettings = {
				ALWAYS_EMBED_SWIFT_STANDARD_LIBRARIES = YES;
				CODE_SIGN_STYLE = Automatic;
				CURRENT_PROJECT_VERSION = 1;
				DEVELOPMENT_TEAM = UJH28XA776;
				GENERATE_INFOPLIST_FILE = YES;
				MARKETING_VERSION = 1.0;
				PRODUCT_BUNDLE_IDENTIFIER = gheorghe.pethealthUITests;
				PRODUCT_NAME = "$(TARGET_NAME)";
				SWIFT_EMIT_LOC_STRINGS = NO;
				SWIFT_VERSION = 5.0;
				TARGETED_DEVICE_FAMILY = "1,2";
				TEST_TARGET_NAME = pethealth;
			};
			name = Release;
		};
/* End XCBuildConfiguration section */

/* Begin XCConfigurationList section */
		C8D94B172A9DE15500D10F42 /* Build configuration list for PBXProject "pethealth" */ = {
			isa = XCConfigurationList;
			buildConfigurations = (
				C8D94B3E2A9DE15A00D10F42 /* Debug */,
				C8D94B3F2A9DE15A00D10F42 /* Release */,
			);
			defaultConfigurationIsVisible = 0;
			defaultConfigurationName = Release;
		};
		C8D94B402A9DE15A00D10F42 /* Build configuration list for PBXNativeTarget "pethealth" */ = {
			isa = XCConfigurationList;
			buildConfigurations = (
				C8D94B412A9DE15A00D10F42 /* Debug */,
				C8D94B422A9DE15A00D10F42 /* Release */,
			);
			defaultConfigurationIsVisible = 0;
			defaultConfigurationName = Release;
		};
		C8D94B432A9DE15A00D10F42 /* Build configuration list for PBXNativeTarget "pethealthTests" */ = {
			isa = XCConfigurationList;
			buildConfigurations = (
				C8D94B442A9DE15A00D10F42 /* Debug */,
				C8D94B452A9DE15A00D10F42 /* Release */,
			);
			defaultConfigurationIsVisible = 0;
			defaultConfigurationName = Release;
		};
		C8D94B462A9DE15A00D10F42 /* Build configuration list for PBXNativeTarget "pethealthUITests" */ = {
			isa = XCConfigurationList;
			buildConfigurations = (
				C8D94B472A9DE15A00D10F42 /* Debug */,
				C8D94B482A9DE15A00D10F42 /* Release */,
			);
			defaultConfigurationIsVisible = 0;
			defaultConfigurationName = Release;
		};
/* End XCConfigurationList section */

/* Begin XCRemoteSwiftPackageReference section */
		C83329652AA4CAF000F2BB15 /* XCRemoteSwiftPackageReference "FeedKit" */ = {
			isa = XCRemoteSwiftPackageReference;
			repositoryURL = "https://github.com/nmdias/FeedKit.git";
			requirement = {
				kind = upToNextMajorVersion;
				minimumVersion = 9.0.0;
			};
		};
		C8D94B4B2A9DE70F00D10F42 /* XCRemoteSwiftPackageReference "firebase-ios-sdk" */ = {
			isa = XCRemoteSwiftPackageReference;
			repositoryURL = "https://github.com/firebase/firebase-ios-sdk";
			requirement = {
				kind = upToNextMajorVersion;
				minimumVersion = 10.0.0;
			};
		};
/* End XCRemoteSwiftPackageReference section */

/* Begin XCSwiftPackageProductDependency section */
		C83329662AA4CAF000F2BB15 /* FeedKit */ = {
			isa = XCSwiftPackageProductDependency;
			package = C83329652AA4CAF000F2BB15 /* XCRemoteSwiftPackageReference "FeedKit" */;
			productName = FeedKit;
		};
		C8D94B4C2A9DE70F00D10F42 /* FirebaseAuth */ = {
			isa = XCSwiftPackageProductDependency;
			package = C8D94B4B2A9DE70F00D10F42 /* XCRemoteSwiftPackageReference "firebase-ios-sdk" */;
			productName = FirebaseAuth;
		};
		C8D94B4E2A9DE70F00D10F42 /* FirebaseDatabase */ = {
			isa = XCSwiftPackageProductDependency;
			package = C8D94B4B2A9DE70F00D10F42 /* XCRemoteSwiftPackageReference "firebase-ios-sdk" */;
			productName = FirebaseDatabase;
		};
		C8D94B502A9DE70F00D10F42 /* FirebaseDatabaseSwift */ = {
			isa = XCSwiftPackageProductDependency;
			package = C8D94B4B2A9DE70F00D10F42 /* XCRemoteSwiftPackageReference "firebase-ios-sdk" */;
			productName = FirebaseDatabaseSwift;
		};
		C8D94B522A9DE70F00D10F42 /* FirebaseDynamicLinks */ = {
			isa = XCSwiftPackageProductDependency;
			package = C8D94B4B2A9DE70F00D10F42 /* XCRemoteSwiftPackageReference "firebase-ios-sdk" */;
			productName = FirebaseDynamicLinks;
		};
		C8D94B542A9DE70F00D10F42 /* FirebaseFirestore */ = {
			isa = XCSwiftPackageProductDependency;
			package = C8D94B4B2A9DE70F00D10F42 /* XCRemoteSwiftPackageReference "firebase-ios-sdk" */;
			productName = FirebaseFirestore;
		};
		C8D94B562A9DE70F00D10F42 /* FirebaseFirestoreSwift */ = {
			isa = XCSwiftPackageProductDependency;
			package = C8D94B4B2A9DE70F00D10F42 /* XCRemoteSwiftPackageReference "firebase-ios-sdk" */;
			productName = FirebaseFirestoreSwift;
		};
		C8D94B582A9DE70F00D10F42 /* FirebaseRemoteConfig */ = {
			isa = XCSwiftPackageProductDependency;
			package = C8D94B4B2A9DE70F00D10F42 /* XCRemoteSwiftPackageReference "firebase-ios-sdk" */;
			productName = FirebaseRemoteConfig;
		};
		C8D94B5A2A9DE70F00D10F42 /* FirebaseRemoteConfigSwift */ = {
			isa = XCSwiftPackageProductDependency;
			package = C8D94B4B2A9DE70F00D10F42 /* XCRemoteSwiftPackageReference "firebase-ios-sdk" */;
			productName = FirebaseRemoteConfigSwift;
		};
		C8D94B5C2A9DE70F00D10F42 /* FirebaseStorage */ = {
			isa = XCSwiftPackageProductDependency;
			package = C8D94B4B2A9DE70F00D10F42 /* XCRemoteSwiftPackageReference "firebase-ios-sdk" */;
			productName = FirebaseStorage;
		};
/* End XCSwiftPackageProductDependency section */
	};
	rootObject = C8D94B142A9DE15500D10F42 /* Project object */;
}
